
Microsoft Visual Studio Solution File, Format Version 12.00
# Visual Studio Version 17
VisualStudioVersion = 17.3.32721.290
MinimumVisualStudioVersion = 10.0.40219.1
Project("{FAE04EC0-301F-11D3-BF4B-00C04F79EFBC}") = "Reconciler.Ef6", "Reconciler\Ef6\Reconciler.Ef6.csproj", "{234C7750-C0F7-488B-B240-870244F39E1D}"
EndProject
Project("{FAE04EC0-301F-11D3-BF4B-00C04F79EFBC}") = "Reconciler.Ef6.Tests", "Reconciler.Tests\Ef6\Reconciler.Ef6.Tests.csproj", "{87117685-4909-4497-93A6-3576D838329E}"
EndProject
Project("{2150E333-8FDC-42A3-9474-1A3956D46DE8}") = "Solution Items", "Solution Items", "{49722275-4D6C-4F02-91A8-04478D55D3AB}"
	ProjectSection(SolutionItems) = preProject
		appveyor.yml = appveyor.yml
	EndProjectSection
EndProject
Project("{9A19103F-16F7-4668-BE54-9A1E7A4F7556}") = "Reconciler.EfCore", "Reconciler\EfCore\Reconciler.EfCore.csproj", "{16A20187-B4E6-412E-A92B-1F5675CF240C}"
EndProject
Project("{9A19103F-16F7-4668-BE54-9A1E7A4F7556}") = "Reconciler.EfCore.Tests.Dotnet6", "Reconciler.Tests\EfCore\Dotnet6\Reconciler.EfCore.Tests.Dotnet6.csproj", "{21653FC2-0980-4F29-AE3A-089D5BE1C9CB}"
EndProject
Project("{9A19103F-16F7-4668-BE54-9A1E7A4F7556}") = "Reconciler.EfCore.Tests.Latest", "Reconciler.Tests\EfCore\Latest\Reconciler.EfCore.Tests.Latest.csproj", "{16A4F545-CA81-49F2-8BB1-15D6F3AE98E4}"
EndProject
Global
	GlobalSection(SolutionConfigurationPlatforms) = preSolution
		Debug|Any CPU = Debug|Any CPU
		Release|Any CPU = Release|Any CPU
	EndGlobalSection
	GlobalSection(ProjectConfigurationPlatforms) = postSolution
		{234C7750-C0F7-488B-B240-870244F39E1D}.Debug|Any CPU.ActiveCfg = Debug|Any CPU
		{234C7750-C0F7-488B-B240-870244F39E1D}.Debug|Any CPU.Build.0 = Debug|Any CPU
		{234C7750-C0F7-488B-B240-870244F39E1D}.Release|Any CPU.ActiveCfg = Release|Any CPU
		{234C7750-C0F7-488B-B240-870244F39E1D}.Release|Any CPU.Build.0 = Release|Any CPU
		{87117685-4909-4497-93A6-3576D838329E}.Debug|Any CPU.ActiveCfg = Debug|Any CPU
		{87117685-4909-4497-93A6-3576D838329E}.Debug|Any CPU.Build.0 = Debug|Any CPU
		{87117685-4909-4497-93A6-3576D838329E}.Release|Any CPU.ActiveCfg = Release|Any CPU
		{87117685-4909-4497-93A6-3576D838329E}.Release|Any CPU.Build.0 = Release|Any CPU
		{16A20187-B4E6-412E-A92B-1F5675CF240C}.Debug|Any CPU.ActiveCfg = Debug|Any CPU
		{16A20187-B4E6-412E-A92B-1F5675CF240C}.Debug|Any CPU.Build.0 = Debug|Any CPU
		{16A20187-B4E6-412E-A92B-1F5675CF240C}.Release|Any CPU.ActiveCfg = Release|Any CPU
		{16A20187-B4E6-412E-A92B-1F5675CF240C}.Release|Any CPU.Build.0 = Release|Any CPU
		{21653FC2-0980-4F29-AE3A-089D5BE1C9CB}.Debug|Any CPU.ActiveCfg = Debug|Any CPU
		{21653FC2-0980-4F29-AE3A-089D5BE1C9CB}.Debug|Any CPU.Build.0 = Debug|Any CPU
		{21653FC2-0980-4F29-AE3A-089D5BE1C9CB}.Release|Any CPU.ActiveCfg = Release|Any CPU
		{21653FC2-0980-4F29-AE3A-089D5BE1C9CB}.Release|Any CPU.Build.0 = Release|Any CPU
		{16A4F545-CA81-49F2-8BB1-15D6F3AE98E4}.Debug|Any CPU.ActiveCfg = Debug|Any CPU
		{16A4F545-CA81-49F2-8BB1-15D6F3AE98E4}.Debug|Any CPU.Build.0 = Debug|Any CPU
		{16A4F545-CA81-49F2-8BB1-15D6F3AE98E4}.Release|Any CPU.ActiveCfg = Release|Any CPU
		{16A4F545-CA81-49F2-8BB1-15D6F3AE98E4}.Release|Any CPU.Build.0 = Release|Any CPU
	EndGlobalSection
	GlobalSection(SolutionProperties) = preSolution
		HideSolutionNode = FALSE
	EndGlobalSection
	GlobalSection(ExtensibilityGlobals) = postSolution
		SolutionGuid = {76CD5FA6-145C-46DA-B7CE-A7C3635E5C80}
	EndGlobalSection
EndGlobal
